
Microsoft Visual Studio Solution File, Format Version 12.00
# Visual Studio 15
VisualStudioVersion = 15.0.27130.2010
MinimumVisualStudioVersion = 10.0.40219.1
Project("{FAE04EC0-301F-11D3-BF4B-00C04F79EFBC}") = "Mobike.Datos", "Mobike.Datos\Mobike.Datos.csproj", "{EE7F3695-DB7A-4012-BAF7-B45F7414701C}"
EndProject
Project("{FAE04EC0-301F-11D3-BF4B-00C04F79EFBC}") = "Mobike.Negocios", "Mobike.Negocios\Mobike.Negocios.csproj", "{9F65FDCF-CD91-45A4-BA5D-0B392C3B121D}"
EndProject
Project("{FAE04EC0-301F-11D3-BF4B-00C04F79EFBC}") = "Mobike.Presentación", "Mobike.Presentación\Mobike.Presentación.csproj", "{2B0B32DB-41F0-4D9E-88BF-1171117CC7C7}"
EndProject
Global
	GlobalSection(SolutionConfigurationPlatforms) = preSolution
		Debug|Any CPU = Debug|Any CPU
		Release|Any CPU = Release|Any CPU
	EndGlobalSection
	GlobalSection(ProjectConfigurationPlatforms) = postSolution
		{EE7F3695-DB7A-4012-BAF7-B45F7414701C}.Debug|Any CPU.ActiveCfg = Debug|Any CPU
		{EE7F3695-DB7A-4012-BAF7-B45F7414701C}.Debug|Any CPU.Build.0 = Debug|Any CPU
		{EE7F3695-DB7A-4012-BAF7-B45F7414701C}.Release|Any CPU.ActiveCfg = Release|Any CPU
		{EE7F3695-DB7A-4012-BAF7-B45F7414701C}.Release|Any CPU.Build.0 = Release|Any CPU
		{9F65FDCF-CD91-45A4-BA5D-0B392C3B121D}.Debug|Any CPU.ActiveCfg = Debug|Any CPU
		{9F65FDCF-CD91-45A4-BA5D-0B392C3B121D}.Debug|Any CPU.Build.0 = Debug|Any CPU
		{9F65FDCF-CD91-45A4-BA5D-0B392C3B121D}.Release|Any CPU.ActiveCfg = Release|Any CPU
		{9F65FDCF-CD91-45A4-BA5D-0B392C3B121D}.Release|Any CPU.Build.0 = Release|Any CPU
		{2B0B32DB-41F0-4D9E-88BF-1171117CC7C7}.Debug|Any CPU.ActiveCfg = Debug|Any CPU
		{2B0B32DB-41F0-4D9E-88BF-1171117CC7C7}.Debug|Any CPU.Build.0 = Debug|Any CPU
		{2B0B32DB-41F0-4D9E-88BF-1171117CC7C7}.Release|Any CPU.ActiveCfg = Release|Any CPU
		{2B0B32DB-41F0-4D9E-88BF-1171117CC7C7}.Release|Any CPU.Build.0 = Release|Any CPU
	EndGlobalSection
	GlobalSection(SolutionProperties) = preSolution
		HideSolutionNode = FALSE
	EndGlobalSection
	GlobalSection(ExtensibilityGlobals) = postSolution
		SolutionGuid = {1FB4970D-1642-4D4D-A172-9BEA369F9C6D}
	EndGlobalSection
EndGlobal
